
Microsoft Visual Studio Solution File, Format Version 12.00
# Visual Studio Version 17
VisualStudioVersion = 17.4.33213.308
MinimumVisualStudioVersion = 10.0.40219.1
Project("{FAE04EC0-301F-11D3-BF4B-00C04F79EFBC}") = "Expense Tracker", "Expense Tracker\Expense Tracker.csproj", "{60D4B961-A4F2-449A-9543-5BED4CD86057}"
EndProject
Global
	GlobalSection(SolutionConfigurationPlatforms) = preSolution
		Debug|Any CPU = Debug|Any CPU
		Release|Any CPU = Release|Any CPU
	EndGlobalSection
	GlobalSection(ProjectConfigurationPlatforms) = postSolution
		{60D4B961-A4F2-449A-9543-5BED4CD86057}.Debug|Any CPU.ActiveCfg = Debug|Any CPU
		{60D4B961-A4F2-449A-9543-5BED4CD86057}.Debug|Any CPU.Build.0 = Debug|Any CPU
		{60D4B961-A4F2-449A-9543-5BED4CD86057}.Release|Any CPU.ActiveCfg = Release|Any CPU
		{60D4B961-A4F2-449A-9543-5BED4CD86057}.Release|Any CPU.Build.0 = Release|Any CPU
	EndGlobalSection
	GlobalSection(SolutionProperties) = preSolution
		HideSolutionNode = FALSE
	EndGlobalSection
	GlobalSection(ExtensibilityGlobals) = postSolution
		SolutionGuid = {E5D2AC8D-D859-435B-8809-F881357DFF28}
	EndGlobalSection
EndGlobal
